
Microsoft Visual Studio Solution File, Format Version 12.00
# Visual Studio Version 17
VisualStudioVersion = 17.12.35323.107
MinimumVisualStudioVersion = 10.0.40219.1
Project("{FAE04EC0-301F-11D3-BF4B-00C04F79EFBC}") = "countdown", "countdown.csproj", "{59CC8230-6834-489A-89E7-18D643213BAE}"
EndProject
Global
	GlobalSection(SolutionConfigurationPlatforms) = preSolution
		Debug|Any CPU = Debug|Any CPU
		Release|Any CPU = Release|Any CPU
	EndGlobalSection
	GlobalSection(ProjectConfigurationPlatforms) = postSolution
		{59CC8230-6834-489A-89E7-18D643213BAE}.Debug|Any CPU.ActiveCfg = Debug|Any CPU
		{59CC8230-6834-489A-89E7-18D643213BAE}.Debug|Any CPU.Build.0 = Debug|Any CPU
		{59CC8230-6834-489A-89E7-18D643213BAE}.Release|Any CPU.ActiveCfg = Release|Any CPU
		{59CC8230-6834-489A-89E7-18D643213BAE}.Release|Any CPU.Build.0 = Release|Any CPU
	EndGlobalSection
	GlobalSection(SolutionProperties) = preSolution
		HideSolutionNode = FALSE
	EndGlobalSection
	GlobalSection(ExtensibilityGlobals) = postSolution
		SolutionGuid = {DFBF1C27-96E7-4579-AF92-8E3860B3679E}
	EndGlobalSection
EndGlobal
